
Microsoft Visual Studio Solution File, Format Version 12.00
# Visual Studio Version 16
VisualStudioVersion = 16.0.30711.63
MinimumVisualStudioVersion = 10.0.40219.1
Project("{9A19103F-16F7-4668-BE54-9A1E7A4F7556}") = "Login With API ASP.NET Core", "Login With API ASP.NET Core.csproj", "{DADD06C6-E3B2-4DD4-9053-BA5E6A67F039}"
EndProject
Global
	GlobalSection(SolutionConfigurationPlatforms) = preSolution
		Debug|Any CPU = Debug|Any CPU
		Release|Any CPU = Release|Any CPU
	EndGlobalSection
	GlobalSection(ProjectConfigurationPlatforms) = postSolution
		{DADD06C6-E3B2-4DD4-9053-BA5E6A67F039}.Debug|Any CPU.ActiveCfg = Debug|Any CPU
		{DADD06C6-E3B2-4DD4-9053-BA5E6A67F039}.Debug|Any CPU.Build.0 = Debug|Any CPU
		{DADD06C6-E3B2-4DD4-9053-BA5E6A67F039}.Release|Any CPU.ActiveCfg = Release|Any CPU
		{DADD06C6-E3B2-4DD4-9053-BA5E6A67F039}.Release|Any CPU.Build.0 = Release|Any CPU
	EndGlobalSection
	GlobalSection(SolutionProperties) = preSolution
		HideSolutionNode = FALSE
	EndGlobalSection
	GlobalSection(ExtensibilityGlobals) = postSolution
		SolutionGuid = {042ABDF6-01CA-438D-8236-4BA997C309AA}
	EndGlobalSection
EndGlobal
